
Microsoft Visual Studio Solution File, Format Version 12.00
# Visual Studio Version 16
VisualStudioVersion = 16.0.29009.5
MinimumVisualStudioVersion = 10.0.40219.1
Project("{FAE04EC0-301F-11D3-BF4B-00C04F79EFBC}") = "AddressApi", "AddressApi.csproj", "{506EC864-6287-4F08-805A-2843620558EB}"
EndProject
Project("{9A19103F-16F7-4668-BE54-9A1E7A4F7556}") = "Nominatim.API", "..\..\..\Downloads\Nominatim.API-master\Nominatim.API-master\src\Nominatim.API\Nominatim.API.csproj", "{9E4B2098-1828-44FF-BA8A-25EA8C8E1FA7}"
EndProject
Global
	GlobalSection(SolutionConfigurationPlatforms) = preSolution
		Debug|Any CPU = Debug|Any CPU
		Release|Any CPU = Release|Any CPU
	EndGlobalSection
	GlobalSection(ProjectConfigurationPlatforms) = postSolution
		{506EC864-6287-4F08-805A-2843620558EB}.Debug|Any CPU.ActiveCfg = Debug|Any CPU
		{506EC864-6287-4F08-805A-2843620558EB}.Debug|Any CPU.Build.0 = Debug|Any CPU
		{506EC864-6287-4F08-805A-2843620558EB}.Release|Any CPU.ActiveCfg = Release|Any CPU
		{506EC864-6287-4F08-805A-2843620558EB}.Release|Any CPU.Build.0 = Release|Any CPU
		{9E4B2098-1828-44FF-BA8A-25EA8C8E1FA7}.Debug|Any CPU.ActiveCfg = Debug|Any CPU
		{9E4B2098-1828-44FF-BA8A-25EA8C8E1FA7}.Debug|Any CPU.Build.0 = Debug|Any CPU
		{9E4B2098-1828-44FF-BA8A-25EA8C8E1FA7}.Release|Any CPU.ActiveCfg = Release|Any CPU
		{9E4B2098-1828-44FF-BA8A-25EA8C8E1FA7}.Release|Any CPU.Build.0 = Release|Any CPU
	EndGlobalSection
	GlobalSection(SolutionProperties) = preSolution
		HideSolutionNode = FALSE
	EndGlobalSection
	GlobalSection(ExtensibilityGlobals) = postSolution
		SolutionGuid = {E5EF5C2B-83B3-4D51-BE10-AC42D4900110}
	EndGlobalSection
EndGlobal
